
Microsoft Visual Studio Solution File, Format Version 12.00
# Visual Studio Express 2013 for Windows Desktop
VisualStudioVersion = 12.0.31101.0
MinimumVisualStudioVersion = 10.0.40219.1
Project("{FAE04EC0-301F-11D3-BF4B-00C04F79EFBC}") = "ZScanLib", "ZScanLib\ZScanLib.csproj", "{C5BA1350-22BD-41BB-8864-2D65FD761075}"
EndProject
Project("{FAE04EC0-301F-11D3-BF4B-00C04F79EFBC}") = "ZScanLibTests", "ZScanLibTests\ZScanLibTests.csproj", "{32D37FE8-FDA9-4CCC-944F-4CA88D570F97}"
EndProject
Project("{FAE04EC0-301F-11D3-BF4B-00C04F79EFBC}") = "Scanner", "Scanner\Scanner.csproj", "{05447176-3A3E-462B-B909-191A65937F2C}"
EndProject
Global
	GlobalSection(SolutionConfigurationPlatforms) = preSolution
		Debug|Any CPU = Debug|Any CPU
		Release|Any CPU = Release|Any CPU
	EndGlobalSection
	GlobalSection(ProjectConfigurationPlatforms) = postSolution
		{C5BA1350-22BD-41BB-8864-2D65FD761075}.Debug|Any CPU.ActiveCfg = Debug|Any CPU
		{C5BA1350-22BD-41BB-8864-2D65FD761075}.Debug|Any CPU.Build.0 = Debug|Any CPU
		{C5BA1350-22BD-41BB-8864-2D65FD761075}.Release|Any CPU.ActiveCfg = Release|Any CPU
		{C5BA1350-22BD-41BB-8864-2D65FD761075}.Release|Any CPU.Build.0 = Release|Any CPU
		{32D37FE8-FDA9-4CCC-944F-4CA88D570F97}.Debug|Any CPU.ActiveCfg = Debug|Any CPU
		{32D37FE8-FDA9-4CCC-944F-4CA88D570F97}.Debug|Any CPU.Build.0 = Debug|Any CPU
		{32D37FE8-FDA9-4CCC-944F-4CA88D570F97}.Release|Any CPU.ActiveCfg = Release|Any CPU
		{32D37FE8-FDA9-4CCC-944F-4CA88D570F97}.Release|Any CPU.Build.0 = Release|Any CPU
		{05447176-3A3E-462B-B909-191A65937F2C}.Debug|Any CPU.ActiveCfg = Debug|Any CPU
		{05447176-3A3E-462B-B909-191A65937F2C}.Debug|Any CPU.Build.0 = Debug|Any CPU
		{05447176-3A3E-462B-B909-191A65937F2C}.Release|Any CPU.ActiveCfg = Release|Any CPU
		{05447176-3A3E-462B-B909-191A65937F2C}.Release|Any CPU.Build.0 = Release|Any CPU
	EndGlobalSection
	GlobalSection(SolutionProperties) = preSolution
		HideSolutionNode = FALSE
	EndGlobalSection
EndGlobal
